// !$*UTF8*$!
{
	archiveVersion = 1;
	classes = {
	};
	objectVersion = 46;
	objects = {

/* Begin PBXBuildFile section */
		BB1BB18F1818FAD6001F4A28 /* nigerian-foods-and-recipes.jpeg in Resources */ = {isa = PBXBuildFile; fileRef = BB1BB18E1818FAD6001F4A28 /* nigerian-foods-and-recipes.jpeg */; };
		BB1BB1921818FCEC001F4A28 /* FoodDescriptionViewController.m in Sources */ = {isa = PBXBuildFile; fileRef = BB1BB1911818FCEC001F4A28 /* FoodDescriptionViewController.m */; };
		BB1BB1951818FFFA001F4A28 /* IIThru.xcdatamodeld in Sources */ = {isa = PBXBuildFile; fileRef = BB1BB1931818FFFA001F4A28 /* IIThru.xcdatamodeld */; };
		BB1BB19818190134001F4A28 /* Cart.m in Sources */ = {isa = PBXBuildFile; fileRef = BB1BB19718190134001F4A28 /* Cart.m */; };
		BB1BB19B1819068E001F4A28 /* AccountViewController.m in Sources */ = {isa = PBXBuildFile; fileRef = BB1BB19A1819068E001F4A28 /* AccountViewController.m */; };
		BB4605001818DE0B00E67A72 /* MenuViewController.m in Sources */ = {isa = PBXBuildFile; fileRef = BB4604FF1818DE0B00E67A72 /* MenuViewController.m */; };
		BB83711017FB536D00810261 /* location.png in Resources */ = {isa = PBXBuildFile; fileRef = BB83710F17FB536D00810261 /* location.png */; };
		BB83711217FB537400810261 /* star.png in Resources */ = {isa = PBXBuildFile; fileRef = BB83711117FB537400810261 /* star.png */; };
		BB83711417FB537B00810261 /* fork & knife.png in Resources */ = {isa = PBXBuildFile; fileRef = BB83711317FB537B00810261 /* fork & knife.png */; };
		BB83711617FB538200810261 /* settings.png in Resources */ = {isa = PBXBuildFile; fileRef = BB83711517FB538200810261 /* settings.png */; };
		BB83711817FC011C00810261 /* restaurants icon_mcdonalds.png in Resources */ = {isa = PBXBuildFile; fileRef = BB83711717FC011C00810261 /* restaurants icon_mcdonalds.png */; };
		BB83711B17FC01B900810261 /* RestaurantTypeCell.m in Sources */ = {isa = PBXBuildFile; fileRef = BB83711A17FC01B900810261 /* RestaurantTypeCell.m */; };
		BB83711D17FC936E00810261 /* User_man_male_profile_account_person_people_human_card_add_login.png in Resources */ = {isa = PBXBuildFile; fileRef = BB83711C17FC936E00810261 /* User_man_male_profile_account_person_people_human_card_add_login.png */; };
		BB83711F17FC943500810261 /* User.png in Resources */ = {isa = PBXBuildFile; fileRef = BB83711E17FC943500810261 /* User.png */; };
		BB83712117FC960500810261 /* User login.png in Resources */ = {isa = PBXBuildFile; fileRef = BB83712017FC960500810261 /* User login.png */; };
		BB83712317FC96ED00810261 /* Hamburger.png in Resources */ = {isa = PBXBuildFile; fileRef = BB83712217FC96ED00810261 /* Hamburger.png */; };
		BB83712517FC97EC00810261 /* Dating.png in Resources */ = {isa = PBXBuildFile; fileRef = BB83712417FC97EC00810261 /* Dating.png */; };
		BB8ADB5717F4070300938638 /* IITHRU logo.png no fluff.png in Resources */ = {isa = PBXBuildFile; fileRef = BB8ADB5617F4070300938638 /* IITHRU logo.png no fluff.png */; };
		BB8ADB5A17F4130100938638 /* ResturantsViewController.m in Sources */ = {isa = PBXBuildFile; fileRef = BB8ADB5917F4130100938638 /* ResturantsViewController.m */; };
		BB8ADB5D17F414A600938638 /* Resturants.m in Sources */ = {isa = PBXBuildFile; fileRef = BB8ADB5C17F414A600938638 /* Resturants.m */; };
		BBE751E317F4E8A600B19964 /* 917b5fc29d8bac42945b5be96ca61f06.png in Resources */ = {isa = PBXBuildFile; fileRef = BBE751E217F4E8A600B19964 /* 917b5fc29d8bac42945b5be96ca61f06.png */; };
		BBE751E617F4EDF600B19964 /* resturantTypeViewController.m in Sources */ = {isa = PBXBuildFile; fileRef = BBE751E517F4EDF600B19964 /* resturantTypeViewController.m */; };
		BBECB4941819AC29008D01DE /* QRCodeViewController.m in Sources */ = {isa = PBXBuildFile; fileRef = BBECB4931819AC29008D01DE /* QRCodeViewController.m */; };
		BBEFC620180494AF00C36000 /* rsz_mcdonalds_stores_and_more_013.jpg in Resources */ = {isa = PBXBuildFile; fileRef = BBEFC61F180494AF00C36000 /* rsz_mcdonalds_stores_and_more_013.jpg */; };
		BBEFC622180498F400C36000 /* red_star.png in Resources */ = {isa = PBXBuildFile; fileRef = BBEFC621180498F400C36000 /* red_star.png */; };
		BBEFC624180498FE00C36000 /* whitestar.png in Resources */ = {isa = PBXBuildFile; fileRef = BBEFC623180498FE00C36000 /* whitestar.png */; };
		BBEFC62718049EC000C36000 /* MapViewController.m in Sources */ = {isa = PBXBuildFile; fileRef = BBEFC62618049EC000C36000 /* MapViewController.m */; };
		BBF6936217F21E16008B1A9F /* Foundation.framework in Frameworks */ = {isa = PBXBuildFile; fileRef = BBF6936117F21E16008B1A9F /* Foundation.framework */; };
		BBF6936417F21E16008B1A9F /* CoreGraphics.framework in Frameworks */ = {isa = PBXBuildFile; fileRef = BBF6936317F21E16008B1A9F /* CoreGraphics.framework */; };
		BBF6936617F21E16008B1A9F /* UIKit.framework in Frameworks */ = {isa = PBXBuildFile; fileRef = BBF6936517F21E16008B1A9F /* UIKit.framework */; };
		BBF6936C17F21E16008B1A9F /* InfoPlist.strings in Resources */ = {isa = PBXBuildFile; fileRef = BBF6936A17F21E16008B1A9F /* InfoPlist.strings */; };
		BBF6936E17F21E16008B1A9F /* main.m in Sources */ = {isa = PBXBuildFile; fileRef = BBF6936D17F21E16008B1A9F /* main.m */; };
		BBF6937217F21E16008B1A9F /* AppDelegate.m in Sources */ = {isa = PBXBuildFile; fileRef = BBF6937117F21E16008B1A9F /* AppDelegate.m */; };
		BBF6937517F21E16008B1A9F /* Main.storyboard in Resources */ = {isa = PBXBuildFile; fileRef = BBF6937317F21E16008B1A9F /* Main.storyboard */; };
		BBF6937817F21E16008B1A9F /* FirstViewController.m in Sources */ = {isa = PBXBuildFile; fileRef = BBF6937717F21E16008B1A9F /* FirstViewController.m */; };
		BBF6937B17F21E16008B1A9F /* SecondViewController.m in Sources */ = {isa = PBXBuildFile; fileRef = BBF6937A17F21E16008B1A9F /* SecondViewController.m */; };
		BBF6937D17F21E16008B1A9F /* Images.xcassets in Resources */ = {isa = PBXBuildFile; fileRef = BBF6937C17F21E16008B1A9F /* Images.xcassets */; };
		BBF6938417F21E16008B1A9F /* XCTest.framework in Frameworks */ = {isa = PBXBuildFile; fileRef = BBF6938317F21E16008B1A9F /* XCTest.framework */; };
		BBF6938517F21E16008B1A9F /* Foundation.framework in Frameworks */ = {isa = PBXBuildFile; fileRef = BBF6936117F21E16008B1A9F /* Foundation.framework */; };
		BBF6938617F21E16008B1A9F /* UIKit.framework in Frameworks */ = {isa = PBXBuildFile; fileRef = BBF6936517F21E16008B1A9F /* UIKit.framework */; };
		BBF6938E17F21E16008B1A9F /* InfoPlist.strings in Resources */ = {isa = PBXBuildFile; fileRef = BBF6938C17F21E16008B1A9F /* InfoPlist.strings */; };
		BBF6939017F21E16008B1A9F /* IIThruTests.m in Sources */ = {isa = PBXBuildFile; fileRef = BBF6938F17F21E16008B1A9F /* IIThruTests.m */; };
/* End PBXBuildFile section */

/* Begin PBXContainerItemProxy section */
		BBF6938717F21E16008B1A9F /* PBXContainerItemProxy */ = {
			isa = PBXContainerItemProxy;
			containerPortal = BBF6935617F21E16008B1A9F /* Project object */;
			proxyType = 1;
			remoteGlobalIDString = BBF6935D17F21E16008B1A9F;
			remoteInfo = IIThru;
		};
/* End PBXContainerItemProxy section */

/* Begin PBXFileReference section */
		BB1BB18E1818FAD6001F4A28 /* nigerian-foods-and-recipes.jpeg */ = {isa = PBXFileReference; lastKnownFileType = image.jpeg; path = "nigerian-foods-and-recipes.jpeg"; sourceTree = "<group>"; };
		BB1BB1901818FCEC001F4A28 /* FoodDescriptionViewController.h */ = {isa = PBXFileReference; fileEncoding = 4; lastKnownFileType = sourcecode.c.h; path = FoodDescriptionViewController.h; sourceTree = "<group>"; };
		BB1BB1911818FCEC001F4A28 /* FoodDescriptionViewController.m */ = {isa = PBXFileReference; fileEncoding = 4; lastKnownFileType = sourcecode.c.objc; path = FoodDescriptionViewController.m; sourceTree = "<group>"; };
		BB1BB1941818FFFA001F4A28 /* IIThru.xcdatamodel */ = {isa = PBXFileReference; lastKnownFileType = wrapper.xcdatamodel; path = IIThru.xcdatamodel; sourceTree = "<group>"; };
		BB1BB19618190134001F4A28 /* Cart.h */ = {isa = PBXFileReference; fileEncoding = 4; lastKnownFileType = sourcecode.c.h; path = Cart.h; sourceTree = "<group>"; };
		BB1BB19718190134001F4A28 /* Cart.m */ = {isa = PBXFileReference; fileEncoding = 4; lastKnownFileType = sourcecode.c.objc; path = Cart.m; sourceTree = "<group>"; };
		BB1BB1991819068E001F4A28 /* AccountViewController.h */ = {isa = PBXFileReference; fileEncoding = 4; lastKnownFileType = sourcecode.c.h; path = AccountViewController.h; sourceTree = "<group>"; };
		BB1BB19A1819068E001F4A28 /* AccountViewController.m */ = {isa = PBXFileReference; fileEncoding = 4; lastKnownFileType = sourcecode.c.objc; path = AccountViewController.m; sourceTree = "<group>"; };
		BB4604FE1818DE0B00E67A72 /* MenuViewController.h */ = {isa = PBXFileReference; fileEncoding = 4; lastKnownFileType = sourcecode.c.h; path = MenuViewController.h; sourceTree = "<group>"; };
		BB4604FF1818DE0B00E67A72 /* MenuViewController.m */ = {isa = PBXFileReference; fileEncoding = 4; lastKnownFileType = sourcecode.c.objc; path = MenuViewController.m; sourceTree = "<group>"; };
		BB83710F17FB536D00810261 /* location.png */ = {isa = PBXFileReference; lastKnownFileType = image.png; path = location.png; sourceTree = "<group>"; };
		BB83711117FB537400810261 /* star.png */ = {isa = PBXFileReference; lastKnownFileType = image.png; path = star.png; sourceTree = "<group>"; };
		BB83711317FB537B00810261 /* fork & knife.png */ = {isa = PBXFileReference; lastKnownFileType = image.png; path = "fork & knife.png"; sourceTree = "<group>"; };
		BB83711517FB538200810261 /* settings.png */ = {isa = PBXFileReference; lastKnownFileType = image.png; path = settings.png; sourceTree = "<group>"; };
		BB83711717FC011C00810261 /* restaurants icon_mcdonalds.png */ = {isa = PBXFileReference; lastKnownFileType = image.png; path = "restaurants icon_mcdonalds.png"; sourceTree = "<group>"; };
		BB83711917FC01B900810261 /* RestaurantTypeCell.h */ = {isa = PBXFileReference; fileEncoding = 4; lastKnownFileType = sourcecode.c.h; path = RestaurantTypeCell.h; sourceTree = "<group>"; };
		BB83711A17FC01B900810261 /* RestaurantTypeCell.m */ = {isa = PBXFileReference; fileEncoding = 4; lastKnownFileType = sourcecode.c.objc; path = RestaurantTypeCell.m; sourceTree = "<group>"; };
		BB83711C17FC936E00810261 /* User_man_male_profile_account_person_people_human_card_add_login.png */ = {isa = PBXFileReference; lastKnownFileType = image.png; path = User_man_male_profile_account_person_people_human_card_add_login.png; sourceTree = "<group>"; };
		BB83711E17FC943500810261 /* User.png */ = {isa = PBXFileReference; lastKnownFileType = image.png; path = User.png; sourceTree = "<group>"; };
		BB83712017FC960500810261 /* User login.png */ = {isa = PBXFileReference; lastKnownFileType = image.png; path = "User login.png"; sourceTree = "<group>"; };
		BB83712217FC96ED00810261 /* Hamburger.png */ = {isa = PBXFileReference; lastKnownFileType = image.png; path = Hamburger.png; sourceTree = "<group>"; };
		BB83712417FC97EC00810261 /* Dating.png */ = {isa = PBXFileReference; lastKnownFileType = image.png; path = Dating.png; sourceTree = "<group>"; };
		BB8ADB5617F4070300938638 /* IITHRU logo.png no fluff.png */ = {isa = PBXFileReference; lastKnownFileType = image.png; path = "IITHRU logo.png no fluff.png"; sourceTree = "<group>"; };
		BB8ADB5817F4130100938638 /* ResturantsViewController.h */ = {isa = PBXFileReference; fileEncoding = 4; lastKnownFileType = sourcecode.c.h; path = ResturantsViewController.h; sourceTree = "<group>"; };
		BB8ADB5917F4130100938638 /* ResturantsViewController.m */ = {isa = PBXFileReference; fileEncoding = 4; lastKnownFileType = sourcecode.c.objc; path = ResturantsViewController.m; sourceTree = "<group>"; };
		BB8ADB5B17F414A600938638 /* Resturants.h */ = {isa = PBXFileReference; fileEncoding = 4; lastKnownFileType = sourcecode.c.h; path = Resturants.h; sourceTree = "<group>"; };
		BB8ADB5C17F414A600938638 /* Resturants.m */ = {isa = PBXFileReference; fileEncoding = 4; lastKnownFileType = sourcecode.c.objc; path = Resturants.m; sourceTree = "<group>"; };
		BBE751E217F4E8A600B19964 /* 917b5fc29d8bac42945b5be96ca61f06.png */ = {isa = PBXFileReference; lastKnownFileType = image.png; path = 917b5fc29d8bac42945b5be96ca61f06.png; sourceTree = "<group>"; };
		BBE751E417F4EDF600B19964 /* resturantTypeViewController.h */ = {isa = PBXFileReference; fileEncoding = 4; lastKnownFileType = sourcecode.c.h; path = resturantTypeViewController.h; sourceTree = "<group>"; };
		BBE751E517F4EDF600B19964 /* resturantTypeViewController.m */ = {isa = PBXFileReference; fileEncoding = 4; lastKnownFileType = sourcecode.c.objc; path = resturantTypeViewController.m; sourceTree = "<group>"; };
		BBECB4921819AC29008D01DE /* QRCodeViewController.h */ = {isa = PBXFileReference; fileEncoding = 4; lastKnownFileType = sourcecode.c.h; path = QRCodeViewController.h; sourceTree = "<group>"; };
		BBECB4931819AC29008D01DE /* QRCodeViewController.m */ = {isa = PBXFileReference; fileEncoding = 4; lastKnownFileType = sourcecode.c.objc; path = QRCodeViewController.m; sourceTree = "<group>"; };
		BBEFC61F180494AF00C36000 /* rsz_mcdonalds_stores_and_more_013.jpg */ = {isa = PBXFileReference; lastKnownFileType = image.jpeg; path = rsz_mcdonalds_stores_and_more_013.jpg; sourceTree = "<group>"; };
		BBEFC621180498F400C36000 /* red_star.png */ = {isa = PBXFileReference; lastKnownFileType = image.png; path = red_star.png; sourceTree = "<group>"; };
		BBEFC623180498FE00C36000 /* whitestar.png */ = {isa = PBXFileReference; lastKnownFileType = image.png; path = whitestar.png; sourceTree = "<group>"; };
		BBEFC62518049EC000C36000 /* MapViewController.h */ = {isa = PBXFileReference; fileEncoding = 4; lastKnownFileType = sourcecode.c.h; path = MapViewController.h; sourceTree = "<group>"; };
		BBEFC62618049EC000C36000 /* MapViewController.m */ = {isa = PBXFileReference; fileEncoding = 4; lastKnownFileType = sourcecode.c.objc; path = MapViewController.m; sourceTree = "<group>"; };
		BBF6935E17F21E16008B1A9F /* IIThru.app */ = {isa = PBXFileReference; explicitFileType = wrapper.application; includeInIndex = 0; path = IIThru.app; sourceTree = BUILT_PRODUCTS_DIR; };
		BBF6936117F21E16008B1A9F /* Foundation.framework */ = {isa = PBXFileReference; lastKnownFileType = wrapper.framework; name = Foundation.framework; path = System/Library/Frameworks/Foundation.framework; sourceTree = SDKROOT; };
		BBF6936317F21E16008B1A9F /* CoreGraphics.framework */ = {isa = PBXFileReference; lastKnownFileType = wrapper.framework; name = CoreGraphics.framework; path = System/Library/Frameworks/CoreGraphics.framework; sourceTree = SDKROOT; };
		BBF6936517F21E16008B1A9F /* UIKit.framework */ = {isa = PBXFileReference; lastKnownFileType = wrapper.framework; name = UIKit.framework; path = System/Library/Frameworks/UIKit.framework; sourceTree = SDKROOT; };
		BBF6936917F21E16008B1A9F /* IIThru-Info.plist */ = {isa = PBXFileReference; lastKnownFileType = text.plist.xml; path = "IIThru-Info.plist"; sourceTree = "<group>"; };
		BBF6936B17F21E16008B1A9F /* en */ = {isa = PBXFileReference; lastKnownFileType = text.plist.strings; name = en; path = en.lproj/InfoPlist.strings; sourceTree = "<group>"; };
		BBF6936D17F21E16008B1A9F /* main.m */ = {isa = PBXFileReference; lastKnownFileType = sourcecode.c.objc; path = main.m; sourceTree = "<group>"; };
		BBF6936F17F21E16008B1A9F /* IIThru-Prefix.pch */ = {isa = PBXFileReference; lastKnownFileType = sourcecode.c.h; path = "IIThru-Prefix.pch"; sourceTree = "<group>"; };
		BBF6937017F21E16008B1A9F /* AppDelegate.h */ = {isa = PBXFileReference; lastKnownFileType = sourcecode.c.h; path = AppDelegate.h; sourceTree = "<group>"; };
		BBF6937117F21E16008B1A9F /* AppDelegate.m */ = {isa = PBXFileReference; lastKnownFileType = sourcecode.c.objc; path = AppDelegate.m; sourceTree = "<group>"; };
		BBF6937417F21E16008B1A9F /* Base */ = {isa = PBXFileReference; lastKnownFileType = file.storyboard; name = Base; path = Base.lproj/Main.storyboard; sourceTree = "<group>"; };
		BBF6937617F21E16008B1A9F /* FirstViewController.h */ = {isa = PBXFileReference; lastKnownFileType = sourcecode.c.h; path = FirstViewController.h; sourceTree = "<group>"; };
		BBF6937717F21E16008B1A9F /* FirstViewController.m */ = {isa = PBXFileReference; lastKnownFileType = sourcecode.c.objc; path = FirstViewController.m; sourceTree = "<group>"; };
		BBF6937917F21E16008B1A9F /* SecondViewController.h */ = {isa = PBXFileReference; lastKnownFileType = sourcecode.c.h; path = SecondViewController.h; sourceTree = "<group>"; };
		BBF6937A17F21E16008B1A9F /* SecondViewController.m */ = {isa = PBXFileReference; lastKnownFileType = sourcecode.c.objc; path = SecondViewController.m; sourceTree = "<group>"; };
		BBF6937C17F21E16008B1A9F /* Images.xcassets */ = {isa = PBXFileReference; lastKnownFileType = folder.assetcatalog; path = Images.xcassets; sourceTree = "<group>"; };
		BBF6938217F21E16008B1A9F /* IIThruTests.xctest */ = {isa = PBXFileReference; explicitFileType = wrapper.cfbundle; includeInIndex = 0; path = IIThruTests.xctest; sourceTree = BUILT_PRODUCTS_DIR; };
		BBF6938317F21E16008B1A9F /* XCTest.framework */ = {isa = PBXFileReference; lastKnownFileType = wrapper.framework; name = XCTest.framework; path = Library/Frameworks/XCTest.framework; sourceTree = DEVELOPER_DIR; };
		BBF6938B17F21E16008B1A9F /* IIThruTests-Info.plist */ = {isa = PBXFileReference; lastKnownFileType = text.plist.xml; path = "IIThruTests-Info.plist"; sourceTree = "<group>"; };
		BBF6938D17F21E16008B1A9F /* en */ = {isa = PBXFileReference; lastKnownFileType = text.plist.strings; name = en; path = en.lproj/InfoPlist.strings; sourceTree = "<group>"; };
		BBF6938F17F21E16008B1A9F /* IIThruTests.m */ = {isa = PBXFileReference; lastKnownFileType = sourcecode.c.objc; path = IIThruTests.m; sourceTree = "<group>"; };
/* End PBXFileReference section */

/* Begin PBXFrameworksBuildPhase section */
		BBF6935B17F21E16008B1A9F /* Frameworks */ = {
			isa = PBXFrameworksBuildPhase;
			buildActionMask = 2147483647;
			files = (
				BBF6936417F21E16008B1A9F /* CoreGraphics.framework in Frameworks */,
				BBF6936617F21E16008B1A9F /* UIKit.framework in Frameworks */,
				BBF6936217F21E16008B1A9F /* Foundation.framework in Frameworks */,
			);
			runOnlyForDeploymentPostprocessing = 0;
		};
		BBF6937F17F21E16008B1A9F /* Frameworks */ = {
			isa = PBXFrameworksBuildPhase;
			buildActionMask = 2147483647;
			files = (
				BBF6938417F21E16008B1A9F /* XCTest.framework in Frameworks */,
				BBF6938617F21E16008B1A9F /* UIKit.framework in Frameworks */,
				BBF6938517F21E16008B1A9F /* Foundation.framework in Frameworks */,
			);
			runOnlyForDeploymentPostprocessing = 0;
		};
/* End PBXFrameworksBuildPhase section */

/* Begin PBXGroup section */
		BBF6935517F21E16008B1A9F = {
			isa = PBXGroup;
			children = (
				BBF6936717F21E16008B1A9F /* IIThru */,
				BBF6938917F21E16008B1A9F /* IIThruTests */,
				BBF6936017F21E16008B1A9F /* Frameworks */,
				BBF6935F17F21E16008B1A9F /* Products */,
			);
			sourceTree = "<group>";
		};
		BBF6935F17F21E16008B1A9F /* Products */ = {
			isa = PBXGroup;
			children = (
				BBF6935E17F21E16008B1A9F /* IIThru.app */,
				BBF6938217F21E16008B1A9F /* IIThruTests.xctest */,
			);
			name = Products;
			sourceTree = "<group>";
		};
		BBF6936017F21E16008B1A9F /* Frameworks */ = {
			isa = PBXGroup;
			children = (
				BBF6936117F21E16008B1A9F /* Foundation.framework */,
				BBF6936317F21E16008B1A9F /* CoreGraphics.framework */,
				BBF6936517F21E16008B1A9F /* UIKit.framework */,
				BBF6938317F21E16008B1A9F /* XCTest.framework */,
			);
			name = Frameworks;
			sourceTree = "<group>";
		};
		BBF6936717F21E16008B1A9F /* IIThru */ = {
			isa = PBXGroup;
			children = (
				BBF6937017F21E16008B1A9F /* AppDelegate.h */,
				BBF6937117F21E16008B1A9F /* AppDelegate.m */,
				BB1BB1931818FFFA001F4A28 /* IIThru.xcdatamodeld */,
				BB1BB19618190134001F4A28 /* Cart.h */,
				BB1BB19718190134001F4A28 /* Cart.m */,
				BBF6937317F21E16008B1A9F /* Main.storyboard */,
				BBECB4921819AC29008D01DE /* QRCodeViewController.h */,
				BBECB4931819AC29008D01DE /* QRCodeViewController.m */,
				BB1BB1991819068E001F4A28 /* AccountViewController.h */,
				BB1BB19A1819068E001F4A28 /* AccountViewController.m */,
				BB1BB1901818FCEC001F4A28 /* FoodDescriptionViewController.h */,
				BB1BB1911818FCEC001F4A28 /* FoodDescriptionViewController.m */,
				BB4604FE1818DE0B00E67A72 /* MenuViewController.h */,
				BB4604FF1818DE0B00E67A72 /* MenuViewController.m */,
				BB83711917FC01B900810261 /* RestaurantTypeCell.h */,
				BB83711A17FC01B900810261 /* RestaurantTypeCell.m */,
				BBE751E417F4EDF600B19964 /* resturantTypeViewController.h */,
				BBE751E517F4EDF600B19964 /* resturantTypeViewController.m */,
				BB8ADB5B17F414A600938638 /* Resturants.h */,
				BB8ADB5C17F414A600938638 /* Resturants.m */,
				BB8ADB5817F4130100938638 /* ResturantsViewController.h */,
				BB8ADB5917F4130100938638 /* ResturantsViewController.m */,
				BBF6937617F21E16008B1A9F /* FirstViewController.h */,
				BBEFC62518049EC000C36000 /* MapViewController.h */,
				BBEFC62618049EC000C36000 /* MapViewController.m */,
				BBF6937717F21E16008B1A9F /* FirstViewController.m */,
				BBF6937917F21E16008B1A9F /* SecondViewController.h */,
				BB1BB18E1818FAD6001F4A28 /* nigerian-foods-and-recipes.jpeg */,
				BBF6937A17F21E16008B1A9F /* SecondViewController.m */,
				BBE751E217F4E8A600B19964 /* 917b5fc29d8bac42945b5be96ca61f06.png */,
				BB8ADB5617F4070300938638 /* IITHRU logo.png no fluff.png */,
				BB83712017FC960500810261 /* User login.png */,
				BB83712417FC97EC00810261 /* Dating.png */,
				BB83712217FC96ED00810261 /* Hamburger.png */,
				BBEFC621180498F400C36000 /* red_star.png */,
				BBEFC623180498FE00C36000 /* whitestar.png */,
				BB83710F17FB536D00810261 /* location.png */,
				BBF6937C17F21E16008B1A9F /* Images.xcassets */,
				BB83711E17FC943500810261 /* User.png */,
				BBEFC61F180494AF00C36000 /* rsz_mcdonalds_stores_and_more_013.jpg */,
				BB83711117FB537400810261 /* star.png */,
				BB83711317FB537B00810261 /* fork & knife.png */,
				BB83711C17FC936E00810261 /* User_man_male_profile_account_person_people_human_card_add_login.png */,
				BB83711517FB538200810261 /* settings.png */,
				BB83711717FC011C00810261 /* restaurants icon_mcdonalds.png */,
				BBF6936817F21E16008B1A9F /* Supporting Files */,
			);
			path = IIThru;
			sourceTree = "<group>";
		};
		BBF6936817F21E16008B1A9F /* Supporting Files */ = {
			isa = PBXGroup;
			children = (
				BBF6936917F21E16008B1A9F /* IIThru-Info.plist */,
				BBF6936A17F21E16008B1A9F /* InfoPlist.strings */,
				BBF6936D17F21E16008B1A9F /* main.m */,
				BBF6936F17F21E16008B1A9F /* IIThru-Prefix.pch */,
			);
			name = "Supporting Files";
			sourceTree = "<group>";
		};
		BBF6938917F21E16008B1A9F /* IIThruTests */ = {
			isa = PBXGroup;
			children = (
				BBF6938F17F21E16008B1A9F /* IIThruTests.m */,
				BBF6938A17F21E16008B1A9F /* Supporting Files */,
			);
			path = IIThruTests;
			sourceTree = "<group>";
		};
		BBF6938A17F21E16008B1A9F /* Supporting Files */ = {
			isa = PBXGroup;
			children = (
				BBF6938B17F21E16008B1A9F /* IIThruTests-Info.plist */,
				BBF6938C17F21E16008B1A9F /* InfoPlist.strings */,
			);
			name = "Supporting Files";
			sourceTree = "<group>";
		};
/* End PBXGroup section */

/* Begin PBXNativeTarget section */
		BBF6935D17F21E16008B1A9F /* IIThru */ = {
			isa = PBXNativeTarget;
			buildConfigurationList = BBF6939317F21E16008B1A9F /* Build configuration list for PBXNativeTarget "IIThru" */;
			buildPhases = (
				BBF6935A17F21E16008B1A9F /* Sources */,
				BBF6935B17F21E16008B1A9F /* Frameworks */,
				BBF6935C17F21E16008B1A9F /* Resources */,
			);
			buildRules = (
			);
			dependencies = (
			);
			name = IIThru;
			productName = IIThru;
			productReference = BBF6935E17F21E16008B1A9F /* IIThru.app */;
			productType = "com.apple.product-type.application";
		};
		BBF6938117F21E16008B1A9F /* IIThruTests */ = {
			isa = PBXNativeTarget;
			buildConfigurationList = BBF6939617F21E16008B1A9F /* Build configuration list for PBXNativeTarget "IIThruTests" */;
			buildPhases = (
				BBF6937E17F21E16008B1A9F /* Sources */,
				BBF6937F17F21E16008B1A9F /* Frameworks */,
				BBF6938017F21E16008B1A9F /* Resources */,
			);
			buildRules = (
			);
			dependencies = (
				BBF6938817F21E16008B1A9F /* PBXTargetDependency */,
			);
			name = IIThruTests;
			productName = IIThruTests;
			productReference = BBF6938217F21E16008B1A9F /* IIThruTests.xctest */;
			productType = "com.apple.product-type.bundle.unit-test";
		};
/* End PBXNativeTarget section */

/* Begin PBXProject section */
		BBF6935617F21E16008B1A9F /* Project object */ = {
			isa = PBXProject;
			attributes = {
				LastUpgradeCheck = 0500;
				ORGANIZATIONNAME = IIT;
				TargetAttributes = {
					BBF6938117F21E16008B1A9F = {
						TestTargetID = BBF6935D17F21E16008B1A9F;
					};
				};
			};
			buildConfigurationList = BBF6935917F21E16008B1A9F /* Build configuration list for PBXProject "IIThru" */;
			compatibilityVersion = "Xcode 3.2";
			developmentRegion = English;
			hasScannedForEncodings = 0;
			knownRegions = (
				en,
				Base,
			);
			mainGroup = BBF6935517F21E16008B1A9F;
			productRefGroup = BBF6935F17F21E16008B1A9F /* Products */;
			projectDirPath = "";
			projectRoot = "";
			targets = (
				BBF6935D17F21E16008B1A9F /* IIThru */,
				BBF6938117F21E16008B1A9F /* IIThruTests */,
			);
		};
/* End PBXProject section */

/* Begin PBXResourcesBuildPhase section */
		BBF6935C17F21E16008B1A9F /* Resources */ = {
			isa = PBXResourcesBuildPhase;
			buildActionMask = 2147483647;
			files = (
				BB83712117FC960500810261 /* User login.png in Resources */,
				BB83711417FB537B00810261 /* fork & knife.png in Resources */,
				BB8ADB5717F4070300938638 /* IITHRU logo.png no fluff.png in Resources */,
				BBF6937D17F21E16008B1A9F /* Images.xcassets in Resources */,
				BB83711D17FC936E00810261 /* User_man_male_profile_account_person_people_human_card_add_login.png in Resources */,
				BBE751E317F4E8A600B19964 /* 917b5fc29d8bac42945b5be96ca61f06.png in Resources */,
				BB83712517FC97EC00810261 /* Dating.png in Resources */,
				BBEFC622180498F400C36000 /* red_star.png in Resources */,
				BBF6936C17F21E16008B1A9F /* InfoPlist.strings in Resources */,
				BB83711F17FC943500810261 /* User.png in Resources */,
				BB83711217FB537400810261 /* star.png in Resources */,
				BBEFC624180498FE00C36000 /* whitestar.png in Resources */,
				BB83712317FC96ED00810261 /* Hamburger.png in Resources */,
				BB83711617FB538200810261 /* settings.png in Resources */,
				BB83711017FB536D00810261 /* location.png in Resources */,
				BBEFC620180494AF00C36000 /* rsz_mcdonalds_stores_and_more_013.jpg in Resources */,
				BB83711817FC011C00810261 /* restaurants icon_mcdonalds.png in Resources */,
				BBF6937517F21E16008B1A9F /* Main.storyboard in Resources */,
				BB1BB18F1818FAD6001F4A28 /* nigerian-foods-and-recipes.jpeg in Resources */,
			);
			runOnlyForDeploymentPostprocessing = 0;
		};
		BBF6938017F21E16008B1A9F /* Resources */ = {
			isa = PBXResourcesBuildPhase;
			buildActionMask = 2147483647;
			files = (
				BBF6938E17F21E16008B1A9F /* InfoPlist.strings in Resources */,
			);
			runOnlyForDeploymentPostprocessing = 0;
		};
/* End PBXResourcesBuildPhase section */

/* Begin PBXSourcesBuildPhase section */
		BBF6935A17F21E16008B1A9F /* Sources */ = {
			isa = PBXSourcesBuildPhase;
			buildActionMask = 2147483647;
			files = (
				BB1BB19818190134001F4A28 /* Cart.m in Sources */,
				BB8ADB5D17F414A600938638 /* Resturants.m in Sources */,
				BB1BB19B1819068E001F4A28 /* AccountViewController.m in Sources */,
				BBF6937B17F21E16008B1A9F /* SecondViewController.m in Sources */,
				BB83711B17FC01B900810261 /* RestaurantTypeCell.m in Sources */,
				BBECB4941819AC29008D01DE /* QRCodeViewController.m in Sources */,
				BBEFC62718049EC000C36000 /* MapViewController.m in Sources */,
				BBE751E617F4EDF600B19964 /* resturantTypeViewController.m in Sources */,
				BB1BB1921818FCEC001F4A28 /* FoodDescriptionViewController.m in Sources */,
				BBF6937217F21E16008B1A9F /* AppDelegate.m in Sources */,
				BBF6937817F21E16008B1A9F /* FirstViewController.m in Sources */,
				BB1BB1951818FFFA001F4A28 /* IIThru.xcdatamodeld in Sources */,
				BBF6936E17F21E16008B1A9F /* main.m in Sources */,
				BB8ADB5A17F4130100938638 /* ResturantsViewController.m in Sources */,
				BB4605001818DE0B00E67A72 /* MenuViewController.m in Sources */,
			);
			runOnlyForDeploymentPostprocessing = 0;
		};
		BBF6937E17F21E16008B1A9F /* Sources */ = {
			isa = PBXSourcesBuildPhase;
			buildActionMask = 2147483647;
			files = (
				BBF6939017F21E16008B1A9F /* IIThruTests.m in Sources */,
			);
			runOnlyForDeploymentPostprocessing = 0;
		};
/* End PBXSourcesBuildPhase section */

/* Begin PBXTargetDependency section */
		BBF6938817F21E16008B1A9F /* PBXTargetDependency */ = {
			isa = PBXTargetDependency;
			target = BBF6935D17F21E16008B1A9F /* IIThru */;
			targetProxy = BBF6938717F21E16008B1A9F /* PBXContainerItemProxy */;
		};
/* End PBXTargetDependency section */

/* Begin PBXVariantGroup section */
		BBF6936A17F21E16008B1A9F /* InfoPlist.strings */ = {
			isa = PBXVariantGroup;
			children = (
				BBF6936B17F21E16008B1A9F /* en */,
			);
			name = InfoPlist.strings;
			sourceTree = "<group>";
		};
		BBF6937317F21E16008B1A9F /* Main.storyboard */ = {
			isa = PBXVariantGroup;
			children = (
				BBF6937417F21E16008B1A9F /* Base */,
			);
			name = Main.storyboard;
			sourceTree = "<group>";
		};
		BBF6938C17F21E16008B1A9F /* InfoPlist.strings */ = {
			isa = PBXVariantGroup;
			children = (
				BBF6938D17F21E16008B1A9F /* en */,
			);
			name = InfoPlist.strings;
			sourceTree = "<group>";
		};
/* End PBXVariantGroup section */

/* Begin XCBuildConfiguration section */
		BBF6939117F21E16008B1A9F /* Debug */ = {
			isa = XCBuildConfiguration;
			buildSettings = {
				ALWAYS_SEARCH_USER_PATHS = NO;
				ARCHS = "$(ARCHS_STANDARD_INCLUDING_64_BIT)";
				CLANG_CXX_LANGUAGE_STANDARD = "gnu++0x";
				CLANG_CXX_LIBRARY = "libc++";
				CLANG_ENABLE_MODULES = YES;
				CLANG_ENABLE_OBJC_ARC = YES;
				CLANG_WARN_BOOL_CONVERSION = YES;
				CLANG_WARN_CONSTANT_CONVERSION = YES;
				CLANG_WARN_DIRECT_OBJC_ISA_USAGE = YES_ERROR;
				CLANG_WARN_EMPTY_BODY = YES;
				CLANG_WARN_ENUM_CONVERSION = YES;
				CLANG_WARN_INT_CONVERSION = YES;
				CLANG_WARN_OBJC_ROOT_CLASS = YES_ERROR;
				CLANG_WARN__DUPLICATE_METHOD_MATCH = YES;
				"CODE_SIGN_IDENTITY[sdk=iphoneos*]" = "iPhone Developer";
				COPY_PHASE_STRIP = NO;
				GCC_C_LANGUAGE_STANDARD = gnu99;
				GCC_DYNAMIC_NO_PIC = NO;
				GCC_OPTIMIZATION_LEVEL = 0;
				GCC_PREPROCESSOR_DEFINITIONS = (
					"DEBUG=1",
					"$(inherited)",
				);
				GCC_SYMBOLS_PRIVATE_EXTERN = NO;
				GCC_WARN_64_TO_32_BIT_CONVERSION = YES;
				GCC_WARN_ABOUT_RETURN_TYPE = YES_ERROR;
				GCC_WARN_UNDECLARED_SELECTOR = YES;
				GCC_WARN_UNINITIALIZED_AUTOS = YES;
				GCC_WARN_UNUSED_FUNCTION = YES;
				GCC_WARN_UNUSED_VARIABLE = YES;
				IPHONEOS_DEPLOYMENT_TARGET = 7.0;
				ONLY_ACTIVE_ARCH = YES;
				SDKROOT = iphoneos;
			};
			name = Debug;
		};
		BBF6939217F21E16008B1A9F /* Release */ = {
			isa = XCBuildConfiguration;
			buildSettings = {
				ALWAYS_SEARCH_USER_PATHS = NO;
				ARCHS = "$(ARCHS_STANDARD_INCLUDING_64_BIT)";
				CLANG_CXX_LANGUAGE_STANDARD = "gnu++0x";
				CLANG_CXX_LIBRARY = "libc++";
				CLANG_ENABLE_MODULES = YES;
				CLANG_ENABLE_OBJC_ARC = YES;
				CLANG_WARN_BOOL_CONVERSION = YES;
				CLANG_WARN_CONSTANT_CONVERSION = YES;
				CLANG_WARN_DIRECT_OBJC_ISA_USAGE = YES_ERROR;
				CLANG_WARN_EMPTY_BODY = YES;
				CLANG_WARN_ENUM_CONVERSION = YES;
				CLANG_WARN_INT_CONVERSION = YES;
				CLANG_WARN_OBJC_ROOT_CLASS = YES_ERROR;
				CLANG_WARN__DUPLICATE_METHOD_MATCH = YES;
				"CODE_SIGN_IDENTITY[sdk=iphoneos*]" = "iPhone Developer";
				COPY_PHASE_STRIP = YES;
				ENABLE_NS_ASSERTIONS = NO;
				GCC_C_LANGUAGE_STANDARD = gnu99;
				GCC_WARN_64_TO_32_BIT_CONVERSION = YES;
				GCC_WARN_ABOUT_RETURN_TYPE = YES_ERROR;
				GCC_WARN_UNDECLARED_SELECTOR = YES;
				GCC_WARN_UNINITIALIZED_AUTOS = YES;
				GCC_WARN_UNUSED_FUNCTION = YES;
				GCC_WARN_UNUSED_VARIABLE = YES;
				IPHONEOS_DEPLOYMENT_TARGET = 7.0;
				SDKROOT = iphoneos;
				VALIDATE_PRODUCT = YES;
			};
			name = Release;
		};
		BBF6939417F21E16008B1A9F /* Debug */ = {
			isa = XCBuildConfiguration;
			buildSettings = {
				ASSETCATALOG_COMPILER_APPICON_NAME = AppIcon;
				ASSETCATALOG_COMPILER_LAUNCHIMAGE_NAME = LaunchImage;
				GCC_PRECOMPILE_PREFIX_HEADER = YES;
				GCC_PREFIX_HEADER = "IIThru/IIThru-Prefix.pch";
				INFOPLIST_FILE = "IIThru/IIThru-Info.plist";
				PRODUCT_NAME = "$(TARGET_NAME)";
				WRAPPER_EXTENSION = app;
			};
			name = Debug;
		};
		BBF6939517F21E16008B1A9F /* Release */ = {
			isa = XCBuildConfiguration;
			buildSettings = {
				ASSETCATALOG_COMPILER_APPICON_NAME = AppIcon;
				ASSETCATALOG_COMPILER_LAUNCHIMAGE_NAME = LaunchImage;
				GCC_PRECOMPILE_PREFIX_HEADER = YES;
				GCC_PREFIX_HEADER = "IIThru/IIThru-Prefix.pch";
				INFOPLIST_FILE = "IIThru/IIThru-Info.plist";
				PRODUCT_NAME = "$(TARGET_NAME)";
				WRAPPER_EXTENSION = app;
			};
			name = Release;
		};
		BBF6939717F21E16008B1A9F /* Debug */ = {
			isa = XCBuildConfiguration;
			buildSettings = {
				ARCHS = "$(ARCHS_STANDARD_INCLUDING_64_BIT)";
				BUNDLE_LOADER = "$(BUILT_PRODUCTS_DIR)/IIThru.app/IIThru";
				FRAMEWORK_SEARCH_PATHS = (
					"$(SDKROOT)/Developer/Library/Frameworks",
					"$(inherited)",
					"$(DEVELOPER_FRAMEWORKS_DIR)",
				);
				GCC_PRECOMPILE_PREFIX_HEADER = YES;
				GCC_PREFIX_HEADER = "IIThru/IIThru-Prefix.pch";
				GCC_PREPROCESSOR_DEFINITIONS = (
					"DEBUG=1",
					"$(inherited)",
				);
				INFOPLIST_FILE = "IIThruTests/IIThruTests-Info.plist";
				PRODUCT_NAME = "$(TARGET_NAME)";
				TEST_HOST = "$(BUNDLE_LOADER)";
				WRAPPER_EXTENSION = xctest;
			};
			name = Debug;
		};
		BBF6939817F21E16008B1A9F /* Release */ = {
			isa = XCBuildConfiguration;
			buildSettings = {
				ARCHS = "$(ARCHS_STANDARD_INCLUDING_64_BIT)";
				BUNDLE_LOADER = "$(BUILT_PRODUCTS_DIR)/IIThru.app/IIThru";
				FRAMEWORK_SEARCH_PATHS = (
					"$(SDKROOT)/Developer/Library/Frameworks",
					"$(inherited)",
					"$(DEVELOPER_FRAMEWORKS_DIR)",
				);
				GCC_PRECOMPILE_PREFIX_HEADER = YES;
				GCC_PREFIX_HEADER = "IIThru/IIThru-Prefix.pch";
				INFOPLIST_FILE = "IIThruTests/IIThruTests-Info.plist";
				PRODUCT_NAME = "$(TARGET_NAME)";
				TEST_HOST = "$(BUNDLE_LOADER)";
				WRAPPER_EXTENSION = xctest;
			};
			name = Release;
		};
/* End XCBuildConfiguration section */

/* Begin XCConfigurationList section */
		BBF6935917F21E16008B1A9F /* Build configuration list for PBXProject "IIThru" */ = {
			isa = XCConfigurationList;
			buildConfigurations = (
				BBF6939117F21E16008B1A9F /* Debug */,
				BBF6939217F21E16008B1A9F /* Release */,
			);
			defaultConfigurationIsVisible = 0;
			defaultConfigurationName = Release;
		};
		BBF6939317F21E16008B1A9F /* Build configuration list for PBXNativeTarget "IIThru" */ = {
			isa = XCConfigurationList;
			buildConfigurations = (
				BBF6939417F21E16008B1A9F /* Debug */,
				BBF6939517F21E16008B1A9F /* Release */,
			);
			defaultConfigurationIsVisible = 0;
			defaultConfigurationName = Release;
		};
		BBF6939617F21E16008B1A9F /* Build configuration list for PBXNativeTarget "IIThruTests" */ = {
			isa = XCConfigurationList;
			buildConfigurations = (
				BBF6939717F21E16008B1A9F /* Debug */,
				BBF6939817F21E16008B1A9F /* Release */,
			);
			defaultConfigurationIsVisible = 0;
			defaultConfigurationName = Release;
		};
/* End XCConfigurationList section */

/* Begin XCVersionGroup section */
		BB1BB1931818FFFA001F4A28 /* IIThru.xcdatamodeld */ = {
			isa = XCVersionGroup;
			children = (
				BB1BB1941818FFFA001F4A28 /* IIThru.xcdatamodel */,
			);
			currentVersion = BB1BB1941818FFFA001F4A28 /* IIThru.xcdatamodel */;
			path = IIThru.xcdatamodeld;
			sourceTree = "<group>";
			versionGroupType = wrapper.xcdatamodel;
		};
/* End XCVersionGroup section */
	};
	rootObject = BBF6935617F21E16008B1A9F /* Project object */;
}
