// !$*UTF8*$!
{
	archiveVersion = 1;
	classes = {
	};
	objectVersion = 46;
	objects = {

/* Begin PBXBuildFile section */
		8D51DD7518106FEE00FBDCE1 /* Parse.framework in Frameworks */ = {isa = PBXBuildFile; fileRef = 8D51DD7418106FEE00FBDCE1 /* Parse.framework */; };
		8D51DD77181070D000FBDCE1 /* AudioToolbox.framework in Frameworks */ = {isa = PBXBuildFile; fileRef = 8D51DD76181070D000FBDCE1 /* AudioToolbox.framework */; };
		8D51DD79181070D700FBDCE1 /* CFNetwork.framework in Frameworks */ = {isa = PBXBuildFile; fileRef = 8D51DD78181070D700FBDCE1 /* CFNetwork.framework */; };
		8D51DD7B181070ED00FBDCE1 /* CoreLocation.framework in Frameworks */ = {isa = PBXBuildFile; fileRef = 8D51DD7A181070ED00FBDCE1 /* CoreLocation.framework */; };
		8D51DD7D181070FB00FBDCE1 /* libz.1.1.3.dylib in Frameworks */ = {isa = PBXBuildFile; fileRef = 8D51DD7C181070FB00FBDCE1 /* libz.1.1.3.dylib */; };
		8D51DD7F1810710A00FBDCE1 /* MobileCoreServices.framework in Frameworks */ = {isa = PBXBuildFile; fileRef = 8D51DD7E1810710A00FBDCE1 /* MobileCoreServices.framework */; };
		8D51DD811810711B00FBDCE1 /* QuartzCore.framework in Frameworks */ = {isa = PBXBuildFile; fileRef = 8D51DD801810711B00FBDCE1 /* QuartzCore.framework */; };
		8D51DD831810712400FBDCE1 /* Security.framework in Frameworks */ = {isa = PBXBuildFile; fileRef = 8D51DD821810712400FBDCE1 /* Security.framework */; };
		8D51DD851810712C00FBDCE1 /* StoreKit.framework in Frameworks */ = {isa = PBXBuildFile; fileRef = 8D51DD841810712C00FBDCE1 /* StoreKit.framework */; };
		8D51DD871810713700FBDCE1 /* SystemConfiguration.framework in Frameworks */ = {isa = PBXBuildFile; fileRef = 8D51DD861810713700FBDCE1 /* SystemConfiguration.framework */; };
		8D8642CA1807371A00EF4A7B /* FacebookSDK.framework in Frameworks */ = {isa = PBXBuildFile; fileRef = 8D8642C91807371A00EF4A7B /* FacebookSDK.framework */; };
		8D99E43417F4C99400EADEDC /* Foundation.framework in Frameworks */ = {isa = PBXBuildFile; fileRef = 8D99E43317F4C99400EADEDC /* Foundation.framework */; };
		8D99E43617F4C99400EADEDC /* CoreGraphics.framework in Frameworks */ = {isa = PBXBuildFile; fileRef = 8D99E43517F4C99400EADEDC /* CoreGraphics.framework */; };
		8D99E43817F4C99400EADEDC /* UIKit.framework in Frameworks */ = {isa = PBXBuildFile; fileRef = 8D99E43717F4C99400EADEDC /* UIKit.framework */; };
		8D99E43E17F4C99400EADEDC /* InfoPlist.strings in Resources */ = {isa = PBXBuildFile; fileRef = 8D99E43C17F4C99400EADEDC /* InfoPlist.strings */; };
		8D99E44017F4C99400EADEDC /* main.m in Sources */ = {isa = PBXBuildFile; fileRef = 8D99E43F17F4C99400EADEDC /* main.m */; };
		8D99E44417F4C99400EADEDC /* AppDelegate.m in Sources */ = {isa = PBXBuildFile; fileRef = 8D99E44317F4C99400EADEDC /* AppDelegate.m */; };
		8D99E44717F4C99400EADEDC /* Main.storyboard in Resources */ = {isa = PBXBuildFile; fileRef = 8D99E44517F4C99400EADEDC /* Main.storyboard */; };
		8D99E44A17F4C99400EADEDC /* ViewController.m in Sources */ = {isa = PBXBuildFile; fileRef = 8D99E44917F4C99400EADEDC /* ViewController.m */; };
		8D99E44C17F4C99400EADEDC /* Images.xcassets in Resources */ = {isa = PBXBuildFile; fileRef = 8D99E44B17F4C99400EADEDC /* Images.xcassets */; };
		8D99E45317F4C99400EADEDC /* XCTest.framework in Frameworks */ = {isa = PBXBuildFile; fileRef = 8D99E45217F4C99400EADEDC /* XCTest.framework */; };
		8D99E45417F4C99400EADEDC /* Foundation.framework in Frameworks */ = {isa = PBXBuildFile; fileRef = 8D99E43317F4C99400EADEDC /* Foundation.framework */; };
		8D99E45517F4C99400EADEDC /* UIKit.framework in Frameworks */ = {isa = PBXBuildFile; fileRef = 8D99E43717F4C99400EADEDC /* UIKit.framework */; };
		8D99E45D17F4C99400EADEDC /* InfoPlist.strings in Resources */ = {isa = PBXBuildFile; fileRef = 8D99E45B17F4C99400EADEDC /* InfoPlist.strings */; };
		8D99E45F17F4C99400EADEDC /* AuthenticationTests.m in Sources */ = {isa = PBXBuildFile; fileRef = 8D99E45E17F4C99400EADEDC /* AuthenticationTests.m */; };
/* End PBXBuildFile section */

/* Begin PBXContainerItemProxy section */
		8D99E45617F4C99400EADEDC /* PBXContainerItemProxy */ = {
			isa = PBXContainerItemProxy;
			containerPortal = 8D99E42817F4C99400EADEDC /* Project object */;
			proxyType = 1;
			remoteGlobalIDString = 8D99E42F17F4C99400EADEDC;
			remoteInfo = Authentication;
		};
/* End PBXContainerItemProxy section */

/* Begin PBXFileReference section */
		8D51DD7418106FEE00FBDCE1 /* Parse.framework */ = {isa = PBXFileReference; lastKnownFileType = wrapper.framework; path = Parse.framework; sourceTree = "<group>"; };
		8D51DD76181070D000FBDCE1 /* AudioToolbox.framework */ = {isa = PBXFileReference; lastKnownFileType = wrapper.framework; name = AudioToolbox.framework; path = System/Library/Frameworks/AudioToolbox.framework; sourceTree = SDKROOT; };
		8D51DD78181070D700FBDCE1 /* CFNetwork.framework */ = {isa = PBXFileReference; lastKnownFileType = wrapper.framework; name = CFNetwork.framework; path = System/Library/Frameworks/CFNetwork.framework; sourceTree = SDKROOT; };
		8D51DD7A181070ED00FBDCE1 /* CoreLocation.framework */ = {isa = PBXFileReference; lastKnownFileType = wrapper.framework; name = CoreLocation.framework; path = System/Library/Frameworks/CoreLocation.framework; sourceTree = SDKROOT; };
		8D51DD7C181070FB00FBDCE1 /* libz.1.1.3.dylib */ = {isa = PBXFileReference; lastKnownFileType = "compiled.mach-o.dylib"; name = libz.1.1.3.dylib; path = usr/lib/libz.1.1.3.dylib; sourceTree = SDKROOT; };
		8D51DD7E1810710A00FBDCE1 /* MobileCoreServices.framework */ = {isa = PBXFileReference; lastKnownFileType = wrapper.framework; name = MobileCoreServices.framework; path = System/Library/Frameworks/MobileCoreServices.framework; sourceTree = SDKROOT; };
		8D51DD801810711B00FBDCE1 /* QuartzCore.framework */ = {isa = PBXFileReference; lastKnownFileType = wrapper.framework; name = QuartzCore.framework; path = System/Library/Frameworks/QuartzCore.framework; sourceTree = SDKROOT; };
		8D51DD821810712400FBDCE1 /* Security.framework */ = {isa = PBXFileReference; lastKnownFileType = wrapper.framework; name = Security.framework; path = System/Library/Frameworks/Security.framework; sourceTree = SDKROOT; };
		8D51DD841810712C00FBDCE1 /* StoreKit.framework */ = {isa = PBXFileReference; lastKnownFileType = wrapper.framework; name = StoreKit.framework; path = System/Library/Frameworks/StoreKit.framework; sourceTree = SDKROOT; };
		8D51DD861810713700FBDCE1 /* SystemConfiguration.framework */ = {isa = PBXFileReference; lastKnownFileType = wrapper.framework; name = SystemConfiguration.framework; path = System/Library/Frameworks/SystemConfiguration.framework; sourceTree = SDKROOT; };
		8D8642C91807371A00EF4A7B /* FacebookSDK.framework */ = {isa = PBXFileReference; lastKnownFileType = wrapper.framework; name = FacebookSDK.framework; path = ../../../../Documents/FacebookSDK/FacebookSDK.framework; sourceTree = "<group>"; };
		8D99E43017F4C99400EADEDC /* Authentication.app */ = {isa = PBXFileReference; explicitFileType = wrapper.application; includeInIndex = 0; path = Authentication.app; sourceTree = BUILT_PRODUCTS_DIR; };
		8D99E43317F4C99400EADEDC /* Foundation.framework */ = {isa = PBXFileReference; lastKnownFileType = wrapper.framework; name = Foundation.framework; path = System/Library/Frameworks/Foundation.framework; sourceTree = SDKROOT; };
		8D99E43517F4C99400EADEDC /* CoreGraphics.framework */ = {isa = PBXFileReference; lastKnownFileType = wrapper.framework; name = CoreGraphics.framework; path = System/Library/Frameworks/CoreGraphics.framework; sourceTree = SDKROOT; };
		8D99E43717F4C99400EADEDC /* UIKit.framework */ = {isa = PBXFileReference; lastKnownFileType = wrapper.framework; name = UIKit.framework; path = System/Library/Frameworks/UIKit.framework; sourceTree = SDKROOT; };
		8D99E43B17F4C99400EADEDC /* Authentication-Info.plist */ = {isa = PBXFileReference; lastKnownFileType = text.plist.xml; path = "Authentication-Info.plist"; sourceTree = "<group>"; };
		8D99E43D17F4C99400EADEDC /* en */ = {isa = PBXFileReference; lastKnownFileType = text.plist.strings; name = en; path = en.lproj/InfoPlist.strings; sourceTree = "<group>"; };
		8D99E43F17F4C99400EADEDC /* main.m */ = {isa = PBXFileReference; lastKnownFileType = sourcecode.c.objc; path = main.m; sourceTree = "<group>"; };
		8D99E44117F4C99400EADEDC /* Authentication-Prefix.pch */ = {isa = PBXFileReference; lastKnownFileType = sourcecode.c.h; path = "Authentication-Prefix.pch"; sourceTree = "<group>"; };
		8D99E44217F4C99400EADEDC /* AppDelegate.h */ = {isa = PBXFileReference; lastKnownFileType = sourcecode.c.h; path = AppDelegate.h; sourceTree = "<group>"; };
		8D99E44317F4C99400EADEDC /* AppDelegate.m */ = {isa = PBXFileReference; lastKnownFileType = sourcecode.c.objc; path = AppDelegate.m; sourceTree = "<group>"; };
		8D99E44617F4C99400EADEDC /* Base */ = {isa = PBXFileReference; lastKnownFileType = file.storyboard; name = Base; path = Base.lproj/Main.storyboard; sourceTree = "<group>"; };
		8D99E44817F4C99400EADEDC /* ViewController.h */ = {isa = PBXFileReference; lastKnownFileType = sourcecode.c.h; path = ViewController.h; sourceTree = "<group>"; };
		8D99E44917F4C99400EADEDC /* ViewController.m */ = {isa = PBXFileReference; lastKnownFileType = sourcecode.c.objc; path = ViewController.m; sourceTree = "<group>"; };
		8D99E44B17F4C99400EADEDC /* Images.xcassets */ = {isa = PBXFileReference; lastKnownFileType = folder.assetcatalog; path = Images.xcassets; sourceTree = "<group>"; };
		8D99E45117F4C99400EADEDC /* AuthenticationTests.xctest */ = {isa = PBXFileReference; explicitFileType = wrapper.cfbundle; includeInIndex = 0; path = AuthenticationTests.xctest; sourceTree = BUILT_PRODUCTS_DIR; };
		8D99E45217F4C99400EADEDC /* XCTest.framework */ = {isa = PBXFileReference; lastKnownFileType = wrapper.framework; name = XCTest.framework; path = Library/Frameworks/XCTest.framework; sourceTree = DEVELOPER_DIR; };
		8D99E45A17F4C99400EADEDC /* AuthenticationTests-Info.plist */ = {isa = PBXFileReference; lastKnownFileType = text.plist.xml; path = "AuthenticationTests-Info.plist"; sourceTree = "<group>"; };
		8D99E45C17F4C99400EADEDC /* en */ = {isa = PBXFileReference; lastKnownFileType = text.plist.strings; name = en; path = en.lproj/InfoPlist.strings; sourceTree = "<group>"; };
		8D99E45E17F4C99400EADEDC /* AuthenticationTests.m */ = {isa = PBXFileReference; lastKnownFileType = sourcecode.c.objc; path = AuthenticationTests.m; sourceTree = "<group>"; };
/* End PBXFileReference section */

/* Begin PBXFrameworksBuildPhase section */
		8D99E42D17F4C99400EADEDC /* Frameworks */ = {
			isa = PBXFrameworksBuildPhase;
			buildActionMask = 2147483647;
			files = (
				8D51DD871810713700FBDCE1 /* SystemConfiguration.framework in Frameworks */,
				8D51DD851810712C00FBDCE1 /* StoreKit.framework in Frameworks */,
				8D51DD831810712400FBDCE1 /* Security.framework in Frameworks */,
				8D51DD811810711B00FBDCE1 /* QuartzCore.framework in Frameworks */,
				8D51DD7F1810710A00FBDCE1 /* MobileCoreServices.framework in Frameworks */,
				8D51DD7D181070FB00FBDCE1 /* libz.1.1.3.dylib in Frameworks */,
				8D51DD7B181070ED00FBDCE1 /* CoreLocation.framework in Frameworks */,
				8D99E43617F4C99400EADEDC /* CoreGraphics.framework in Frameworks */,
				8D51DD79181070D700FBDCE1 /* CFNetwork.framework in Frameworks */,
				8D51DD77181070D000FBDCE1 /* AudioToolbox.framework in Frameworks */,
				8D8642CA1807371A00EF4A7B /* FacebookSDK.framework in Frameworks */,
				8D99E43817F4C99400EADEDC /* UIKit.framework in Frameworks */,
				8D99E43417F4C99400EADEDC /* Foundation.framework in Frameworks */,
				8D51DD7518106FEE00FBDCE1 /* Parse.framework in Frameworks */,
			);
			runOnlyForDeploymentPostprocessing = 0;
		};
		8D99E44E17F4C99400EADEDC /* Frameworks */ = {
			isa = PBXFrameworksBuildPhase;
			buildActionMask = 2147483647;
			files = (
				8D99E45317F4C99400EADEDC /* XCTest.framework in Frameworks */,
				8D99E45517F4C99400EADEDC /* UIKit.framework in Frameworks */,
				8D99E45417F4C99400EADEDC /* Foundation.framework in Frameworks */,
			);
			runOnlyForDeploymentPostprocessing = 0;
		};
/* End PBXFrameworksBuildPhase section */

/* Begin PBXGroup section */
		8D99E42717F4C99400EADEDC = {
			isa = PBXGroup;
			children = (
				8D99E43917F4C99400EADEDC /* Authentication */,
				8D99E45817F4C99400EADEDC /* AuthenticationTests */,
				8D99E43217F4C99400EADEDC /* Frameworks */,
				8D99E43117F4C99400EADEDC /* Products */,
			);
			sourceTree = "<group>";
		};
		8D99E43117F4C99400EADEDC /* Products */ = {
			isa = PBXGroup;
			children = (
				8D99E43017F4C99400EADEDC /* Authentication.app */,
				8D99E45117F4C99400EADEDC /* AuthenticationTests.xctest */,
			);
			name = Products;
			sourceTree = "<group>";
		};
		8D99E43217F4C99400EADEDC /* Frameworks */ = {
			isa = PBXGroup;
			children = (
				8D51DD861810713700FBDCE1 /* SystemConfiguration.framework */,
				8D51DD841810712C00FBDCE1 /* StoreKit.framework */,
				8D51DD821810712400FBDCE1 /* Security.framework */,
				8D51DD801810711B00FBDCE1 /* QuartzCore.framework */,
				8D51DD7E1810710A00FBDCE1 /* MobileCoreServices.framework */,
				8D51DD7C181070FB00FBDCE1 /* libz.1.1.3.dylib */,
				8D51DD7A181070ED00FBDCE1 /* CoreLocation.framework */,
				8D51DD78181070D700FBDCE1 /* CFNetwork.framework */,
				8D51DD76181070D000FBDCE1 /* AudioToolbox.framework */,
				8D51DD7418106FEE00FBDCE1 /* Parse.framework */,
				8D8642C91807371A00EF4A7B /* FacebookSDK.framework */,
				8D99E43317F4C99400EADEDC /* Foundation.framework */,
				8D99E43517F4C99400EADEDC /* CoreGraphics.framework */,
				8D99E43717F4C99400EADEDC /* UIKit.framework */,
				8D99E45217F4C99400EADEDC /* XCTest.framework */,
			);
			name = Frameworks;
			sourceTree = "<group>";
		};
		8D99E43917F4C99400EADEDC /* Authentication */ = {
			isa = PBXGroup;
			children = (
				8D99E44217F4C99400EADEDC /* AppDelegate.h */,
				8D99E44317F4C99400EADEDC /* AppDelegate.m */,
				8D99E44517F4C99400EADEDC /* Main.storyboard */,
				8D99E44817F4C99400EADEDC /* ViewController.h */,
				8D99E44917F4C99400EADEDC /* ViewController.m */,
				8D99E44B17F4C99400EADEDC /* Images.xcassets */,
				8D99E43A17F4C99400EADEDC /* Supporting Files */,
			);
			path = Authentication;
			sourceTree = "<group>";
		};
		8D99E43A17F4C99400EADEDC /* Supporting Files */ = {
			isa = PBXGroup;
			children = (
				8D99E43B17F4C99400EADEDC /* Authentication-Info.plist */,
				8D99E43C17F4C99400EADEDC /* InfoPlist.strings */,
				8D99E43F17F4C99400EADEDC /* main.m */,
				8D99E44117F4C99400EADEDC /* Authentication-Prefix.pch */,
			);
			name = "Supporting Files";
			sourceTree = "<group>";
		};
		8D99E45817F4C99400EADEDC /* AuthenticationTests */ = {
			isa = PBXGroup;
			children = (
				8D99E45E17F4C99400EADEDC /* AuthenticationTests.m */,
				8D99E45917F4C99400EADEDC /* Supporting Files */,
			);
			path = AuthenticationTests;
			sourceTree = "<group>";
		};
		8D99E45917F4C99400EADEDC /* Supporting Files */ = {
			isa = PBXGroup;
			children = (
				8D99E45A17F4C99400EADEDC /* AuthenticationTests-Info.plist */,
				8D99E45B17F4C99400EADEDC /* InfoPlist.strings */,
			);
			name = "Supporting Files";
			sourceTree = "<group>";
		};
/* End PBXGroup section */

/* Begin PBXNativeTarget section */
		8D99E42F17F4C99400EADEDC /* Authentication */ = {
			isa = PBXNativeTarget;
			buildConfigurationList = 8D99E46217F4C99400EADEDC /* Build configuration list for PBXNativeTarget "Authentication" */;
			buildPhases = (
				8D99E42C17F4C99400EADEDC /* Sources */,
				8D99E42D17F4C99400EADEDC /* Frameworks */,
				8D99E42E17F4C99400EADEDC /* Resources */,
			);
			buildRules = (
			);
			dependencies = (
			);
			name = Authentication;
			productName = Authentication;
			productReference = 8D99E43017F4C99400EADEDC /* Authentication.app */;
			productType = "com.apple.product-type.application";
		};
		8D99E45017F4C99400EADEDC /* AuthenticationTests */ = {
			isa = PBXNativeTarget;
			buildConfigurationList = 8D99E46517F4C99400EADEDC /* Build configuration list for PBXNativeTarget "AuthenticationTests" */;
			buildPhases = (
				8D99E44D17F4C99400EADEDC /* Sources */,
				8D99E44E17F4C99400EADEDC /* Frameworks */,
				8D99E44F17F4C99400EADEDC /* Resources */,
			);
			buildRules = (
			);
			dependencies = (
				8D99E45717F4C99400EADEDC /* PBXTargetDependency */,
			);
			name = AuthenticationTests;
			productName = AuthenticationTests;
			productReference = 8D99E45117F4C99400EADEDC /* AuthenticationTests.xctest */;
			productType = "com.apple.product-type.bundle.unit-test";
		};
/* End PBXNativeTarget section */

/* Begin PBXProject section */
		8D99E42817F4C99400EADEDC /* Project object */ = {
			isa = PBXProject;
			attributes = {
				LastUpgradeCheck = 0500;
				ORGANIZATIONNAME = "Mingyang Yu";
				TargetAttributes = {
					8D99E45017F4C99400EADEDC = {
						TestTargetID = 8D99E42F17F4C99400EADEDC;
					};
				};
			};
			buildConfigurationList = 8D99E42B17F4C99400EADEDC /* Build configuration list for PBXProject "Authentication" */;
			compatibilityVersion = "Xcode 3.2";
			developmentRegion = English;
			hasScannedForEncodings = 0;
			knownRegions = (
				en,
				Base,
			);
			mainGroup = 8D99E42717F4C99400EADEDC;
			productRefGroup = 8D99E43117F4C99400EADEDC /* Products */;
			projectDirPath = "";
			projectRoot = "";
			targets = (
				8D99E42F17F4C99400EADEDC /* Authentication */,
				8D99E45017F4C99400EADEDC /* AuthenticationTests */,
			);
		};
/* End PBXProject section */

/* Begin PBXResourcesBuildPhase section */
		8D99E42E17F4C99400EADEDC /* Resources */ = {
			isa = PBXResourcesBuildPhase;
			buildActionMask = 2147483647;
			files = (
				8D99E44C17F4C99400EADEDC /* Images.xcassets in Resources */,
				8D99E43E17F4C99400EADEDC /* InfoPlist.strings in Resources */,
				8D99E44717F4C99400EADEDC /* Main.storyboard in Resources */,
			);
			runOnlyForDeploymentPostprocessing = 0;
		};
		8D99E44F17F4C99400EADEDC /* Resources */ = {
			isa = PBXResourcesBuildPhase;
			buildActionMask = 2147483647;
			files = (
				8D99E45D17F4C99400EADEDC /* InfoPlist.strings in Resources */,
			);
			runOnlyForDeploymentPostprocessing = 0;
		};
/* End PBXResourcesBuildPhase section */

/* Begin PBXSourcesBuildPhase section */
		8D99E42C17F4C99400EADEDC /* Sources */ = {
			isa = PBXSourcesBuildPhase;
			buildActionMask = 2147483647;
			files = (
				8D99E44A17F4C99400EADEDC /* ViewController.m in Sources */,
				8D99E44417F4C99400EADEDC /* AppDelegate.m in Sources */,
				8D99E44017F4C99400EADEDC /* main.m in Sources */,
			);
			runOnlyForDeploymentPostprocessing = 0;
		};
		8D99E44D17F4C99400EADEDC /* Sources */ = {
			isa = PBXSourcesBuildPhase;
			buildActionMask = 2147483647;
			files = (
				8D99E45F17F4C99400EADEDC /* AuthenticationTests.m in Sources */,
			);
			runOnlyForDeploymentPostprocessing = 0;
		};
/* End PBXSourcesBuildPhase section */

/* Begin PBXTargetDependency section */
		8D99E45717F4C99400EADEDC /* PBXTargetDependency */ = {
			isa = PBXTargetDependency;
			target = 8D99E42F17F4C99400EADEDC /* Authentication */;
			targetProxy = 8D99E45617F4C99400EADEDC /* PBXContainerItemProxy */;
		};
/* End PBXTargetDependency section */

/* Begin PBXVariantGroup section */
		8D99E43C17F4C99400EADEDC /* InfoPlist.strings */ = {
			isa = PBXVariantGroup;
			children = (
				8D99E43D17F4C99400EADEDC /* en */,
			);
			name = InfoPlist.strings;
			sourceTree = "<group>";
		};
		8D99E44517F4C99400EADEDC /* Main.storyboard */ = {
			isa = PBXVariantGroup;
			children = (
				8D99E44617F4C99400EADEDC /* Base */,
			);
			name = Main.storyboard;
			sourceTree = "<group>";
		};
		8D99E45B17F4C99400EADEDC /* InfoPlist.strings */ = {
			isa = PBXVariantGroup;
			children = (
				8D99E45C17F4C99400EADEDC /* en */,
			);
			name = InfoPlist.strings;
			sourceTree = "<group>";
		};
/* End PBXVariantGroup section */

/* Begin XCBuildConfiguration section */
		8D99E46017F4C99400EADEDC /* Debug */ = {
			isa = XCBuildConfiguration;
			buildSettings = {
				ALWAYS_SEARCH_USER_PATHS = NO;
				ARCHS = "$(ARCHS_STANDARD_INCLUDING_64_BIT)";
				CLANG_CXX_LANGUAGE_STANDARD = "gnu++0x";
				CLANG_CXX_LIBRARY = "libc++";
				CLANG_ENABLE_MODULES = YES;
				CLANG_ENABLE_OBJC_ARC = YES;
				CLANG_WARN_BOOL_CONVERSION = YES;
				CLANG_WARN_CONSTANT_CONVERSION = YES;
				CLANG_WARN_DIRECT_OBJC_ISA_USAGE = YES_ERROR;
				CLANG_WARN_EMPTY_BODY = YES;
				CLANG_WARN_ENUM_CONVERSION = YES;
				CLANG_WARN_INT_CONVERSION = YES;
				CLANG_WARN_OBJC_ROOT_CLASS = YES_ERROR;
				CLANG_WARN__DUPLICATE_METHOD_MATCH = YES;
				"CODE_SIGN_IDENTITY[sdk=iphoneos*]" = "iPhone Developer";
				COPY_PHASE_STRIP = NO;
				GCC_C_LANGUAGE_STANDARD = gnu99;
				GCC_DYNAMIC_NO_PIC = NO;
				GCC_OPTIMIZATION_LEVEL = 0;
				GCC_PREPROCESSOR_DEFINITIONS = (
					"DEBUG=1",
					"$(inherited)",
				);
				GCC_SYMBOLS_PRIVATE_EXTERN = NO;
				GCC_WARN_64_TO_32_BIT_CONVERSION = YES;
				GCC_WARN_ABOUT_RETURN_TYPE = YES_ERROR;
				GCC_WARN_UNDECLARED_SELECTOR = YES;
				GCC_WARN_UNINITIALIZED_AUTOS = YES;
				GCC_WARN_UNUSED_FUNCTION = YES;
				GCC_WARN_UNUSED_VARIABLE = YES;
				IPHONEOS_DEPLOYMENT_TARGET = 7.0;
				ONLY_ACTIVE_ARCH = YES;
				SDKROOT = iphoneos;
			};
			name = Debug;
		};
		8D99E46117F4C99400EADEDC /* Release */ = {
			isa = XCBuildConfiguration;
			buildSettings = {
				ALWAYS_SEARCH_USER_PATHS = NO;
				ARCHS = "$(ARCHS_STANDARD_INCLUDING_64_BIT)";
				CLANG_CXX_LANGUAGE_STANDARD = "gnu++0x";
				CLANG_CXX_LIBRARY = "libc++";
				CLANG_ENABLE_MODULES = YES;
				CLANG_ENABLE_OBJC_ARC = YES;
				CLANG_WARN_BOOL_CONVERSION = YES;
				CLANG_WARN_CONSTANT_CONVERSION = YES;
				CLANG_WARN_DIRECT_OBJC_ISA_USAGE = YES_ERROR;
				CLANG_WARN_EMPTY_BODY = YES;
				CLANG_WARN_ENUM_CONVERSION = YES;
				CLANG_WARN_INT_CONVERSION = YES;
				CLANG_WARN_OBJC_ROOT_CLASS = YES_ERROR;
				CLANG_WARN__DUPLICATE_METHOD_MATCH = YES;
				"CODE_SIGN_IDENTITY[sdk=iphoneos*]" = "iPhone Developer";
				COPY_PHASE_STRIP = YES;
				ENABLE_NS_ASSERTIONS = NO;
				GCC_C_LANGUAGE_STANDARD = gnu99;
				GCC_WARN_64_TO_32_BIT_CONVERSION = YES;
				GCC_WARN_ABOUT_RETURN_TYPE = YES_ERROR;
				GCC_WARN_UNDECLARED_SELECTOR = YES;
				GCC_WARN_UNINITIALIZED_AUTOS = YES;
				GCC_WARN_UNUSED_FUNCTION = YES;
				GCC_WARN_UNUSED_VARIABLE = YES;
				IPHONEOS_DEPLOYMENT_TARGET = 7.0;
				SDKROOT = iphoneos;
				VALIDATE_PRODUCT = YES;
			};
			name = Release;
		};
		8D99E46317F4C99400EADEDC /* Debug */ = {
			isa = XCBuildConfiguration;
			buildSettings = {
				ASSETCATALOG_COMPILER_APPICON_NAME = AppIcon;
				ASSETCATALOG_COMPILER_LAUNCHIMAGE_NAME = LaunchImage;
				FRAMEWORK_SEARCH_PATHS = (
					"$(inherited)",
					/Users/nickmingyang/Documents/FacebookSDK,
					"/Users/nickmingyang/Desktop/iitthru-ios-app/authentication/Authentication",
				);
				GCC_PRECOMPILE_PREFIX_HEADER = YES;
				GCC_PREFIX_HEADER = "Authentication/Authentication-Prefix.pch";
				INFOPLIST_FILE = "Authentication/Authentication-Info.plist";
				PRODUCT_NAME = "$(TARGET_NAME)";
				WRAPPER_EXTENSION = app;
			};
			name = Debug;
		};
		8D99E46417F4C99400EADEDC /* Release */ = {
			isa = XCBuildConfiguration;
			buildSettings = {
				ASSETCATALOG_COMPILER_APPICON_NAME = AppIcon;
				ASSETCATALOG_COMPILER_LAUNCHIMAGE_NAME = LaunchImage;
				FRAMEWORK_SEARCH_PATHS = (
					"$(inherited)",
					/Users/nickmingyang/Documents/FacebookSDK,
					"/Users/nickmingyang/Desktop/iitthru-ios-app/authentication/Authentication",
				);
				GCC_PRECOMPILE_PREFIX_HEADER = YES;
				GCC_PREFIX_HEADER = "Authentication/Authentication-Prefix.pch";
				INFOPLIST_FILE = "Authentication/Authentication-Info.plist";
				PRODUCT_NAME = "$(TARGET_NAME)";
				WRAPPER_EXTENSION = app;
			};
			name = Release;
		};
		8D99E46617F4C99400EADEDC /* Debug */ = {
			isa = XCBuildConfiguration;
			buildSettings = {
				ARCHS = "$(ARCHS_STANDARD_INCLUDING_64_BIT)";
				BUNDLE_LOADER = "$(BUILT_PRODUCTS_DIR)/Authentication.app/Authentication";
				FRAMEWORK_SEARCH_PATHS = (
					"$(SDKROOT)/Developer/Library/Frameworks",
					"$(inherited)",
					"$(DEVELOPER_FRAMEWORKS_DIR)",
				);
				GCC_PRECOMPILE_PREFIX_HEADER = YES;
				GCC_PREFIX_HEADER = "Authentication/Authentication-Prefix.pch";
				GCC_PREPROCESSOR_DEFINITIONS = (
					"DEBUG=1",
					"$(inherited)",
				);
				INFOPLIST_FILE = "AuthenticationTests/AuthenticationTests-Info.plist";
				PRODUCT_NAME = "$(TARGET_NAME)";
				TEST_HOST = "$(BUNDLE_LOADER)";
				WRAPPER_EXTENSION = xctest;
			};
			name = Debug;
		};
		8D99E46717F4C99400EADEDC /* Release */ = {
			isa = XCBuildConfiguration;
			buildSettings = {
				ARCHS = "$(ARCHS_STANDARD_INCLUDING_64_BIT)";
				BUNDLE_LOADER = "$(BUILT_PRODUCTS_DIR)/Authentication.app/Authentication";
				FRAMEWORK_SEARCH_PATHS = (
					"$(SDKROOT)/Developer/Library/Frameworks",
					"$(inherited)",
					"$(DEVELOPER_FRAMEWORKS_DIR)",
				);
				GCC_PRECOMPILE_PREFIX_HEADER = YES;
				GCC_PREFIX_HEADER = "Authentication/Authentication-Prefix.pch";
				INFOPLIST_FILE = "AuthenticationTests/AuthenticationTests-Info.plist";
				PRODUCT_NAME = "$(TARGET_NAME)";
				TEST_HOST = "$(BUNDLE_LOADER)";
				WRAPPER_EXTENSION = xctest;
			};
			name = Release;
		};
/* End XCBuildConfiguration section */

/* Begin XCConfigurationList section */
		8D99E42B17F4C99400EADEDC /* Build configuration list for PBXProject "Authentication" */ = {
			isa = XCConfigurationList;
			buildConfigurations = (
				8D99E46017F4C99400EADEDC /* Debug */,
				8D99E46117F4C99400EADEDC /* Release */,
			);
			defaultConfigurationIsVisible = 0;
			defaultConfigurationName = Release;
		};
		8D99E46217F4C99400EADEDC /* Build configuration list for PBXNativeTarget "Authentication" */ = {
			isa = XCConfigurationList;
			buildConfigurations = (
				8D99E46317F4C99400EADEDC /* Debug */,
				8D99E46417F4C99400EADEDC /* Release */,
			);
			defaultConfigurationIsVisible = 0;
			defaultConfigurationName = Release;
		};
		8D99E46517F4C99400EADEDC /* Build configuration list for PBXNativeTarget "AuthenticationTests" */ = {
			isa = XCConfigurationList;
			buildConfigurations = (
				8D99E46617F4C99400EADEDC /* Debug */,
				8D99E46717F4C99400EADEDC /* Release */,
			);
			defaultConfigurationIsVisible = 0;
			defaultConfigurationName = Release;
		};
/* End XCConfigurationList section */
	};
	rootObject = 8D99E42817F4C99400EADEDC /* Project object */;
}
